// !$*UTF8*$!
{
	archiveVersion = 1;
	classes = {
	};
	objectVersion = 50;
	objects = {

/* Begin PBXBuildFile section */
		334D0F1E244B5CA900F5920F /* AppDelegate.swift in Sources */ = {isa = PBXBuildFile; fileRef = 334D0F1D244B5CA900F5920F /* AppDelegate.swift */; };
		334D0F20244B5CA900F5920F /* SceneDelegate.swift in Sources */ = {isa = PBXBuildFile; fileRef = 334D0F1F244B5CA900F5920F /* SceneDelegate.swift */; };
		334D0F22244B5CA900F5920F /* ViewController.swift in Sources */ = {isa = PBXBuildFile; fileRef = 334D0F21244B5CA900F5920F /* ViewController.swift */; };
		334D0F25244B5CA900F5920F /* Main.storyboard in Resources */ = {isa = PBXBuildFile; fileRef = 334D0F23244B5CA900F5920F /* Main.storyboard */; };
		334D0F27244B5CAC00F5920F /* Assets.xcassets in Resources */ = {isa = PBXBuildFile; fileRef = 334D0F26244B5CAC00F5920F /* Assets.xcassets */; };
		334D0F2A244B5CAC00F5920F /* LaunchScreen.storyboard in Resources */ = {isa = PBXBuildFile; fileRef = 334D0F28244B5CAC00F5920F /* LaunchScreen.storyboard */; };
		334D0F34244B5D0D00F5920F /* sopt_logo.png in Resources */ = {isa = PBXBuildFile; fileRef = 334D0F33244B5D0D00F5920F /* sopt_logo.png */; };
		334D0F36244B5F5F00F5920F /* JoinViewController.swift in Sources */ = {isa = PBXBuildFile; fileRef = 334D0F35244B5F5F00F5920F /* JoinViewController.swift */; };
		334D0F38244B5F6C00F5920F /* LoginViewController.swift in Sources */ = {isa = PBXBuildFile; fileRef = 334D0F37244B5F6C00F5920F /* LoginViewController.swift */; };
		334D0F3A244B6D0700F5920F /* mainViewController.swift in Sources */ = {isa = PBXBuildFile; fileRef = 334D0F39244B6D0700F5920F /* mainViewController.swift */; };
/* End PBXBuildFile section */

/* Begin PBXFileReference section */
		334D0F1A244B5CA900F5920F /* login_26th.app */ = {isa = PBXFileReference; explicitFileType = wrapper.application; includeInIndex = 0; path = login_26th.app; sourceTree = BUILT_PRODUCTS_DIR; };
		334D0F1D244B5CA900F5920F /* AppDelegate.swift */ = {isa = PBXFileReference; lastKnownFileType = sourcecode.swift; path = AppDelegate.swift; sourceTree = "<group>"; };
		334D0F1F244B5CA900F5920F /* SceneDelegate.swift */ = {isa = PBXFileReference; lastKnownFileType = sourcecode.swift; path = SceneDelegate.swift; sourceTree = "<group>"; };
		334D0F21244B5CA900F5920F /* ViewController.swift */ = {isa = PBXFileReference; lastKnownFileType = sourcecode.swift; path = ViewController.swift; sourceTree = "<group>"; };
		334D0F24244B5CA900F5920F /* Base */ = {isa = PBXFileReference; lastKnownFileType = file.storyboard; name = Base; path = Base.lproj/Main.storyboard; sourceTree = "<group>"; };
		334D0F26244B5CAC00F5920F /* Assets.xcassets */ = {isa = PBXFileReference; lastKnownFileType = folder.assetcatalog; path = Assets.xcassets; sourceTree = "<group>"; };
		334D0F29244B5CAC00F5920F /* Base */ = {isa = PBXFileReference; lastKnownFileType = file.storyboard; name = Base; path = Base.lproj/LaunchScreen.storyboard; sourceTree = "<group>"; };
		334D0F2B244B5CAC00F5920F /* Info.plist */ = {isa = PBXFileReference; lastKnownFileType = text.plist.xml; path = Info.plist; sourceTree = "<group>"; };
		334D0F33244B5D0D00F5920F /* sopt_logo.png */ = {isa = PBXFileReference; lastKnownFileType = image.png; path = sopt_logo.png; sourceTree = "<group>"; };
		334D0F35244B5F5F00F5920F /* JoinViewController.swift */ = {isa = PBXFileReference; lastKnownFileType = sourcecode.swift; path = JoinViewController.swift; sourceTree = "<group>"; };
		334D0F37244B5F6C00F5920F /* LoginViewController.swift */ = {isa = PBXFileReference; lastKnownFileType = sourcecode.swift; path = LoginViewController.swift; sourceTree = "<group>"; };
		334D0F39244B6D0700F5920F /* mainViewController.swift */ = {isa = PBXFileReference; lastKnownFileType = sourcecode.swift; path = mainViewController.swift; sourceTree = "<group>"; };
/* End PBXFileReference section */

/* Begin PBXFrameworksBuildPhase section */
		334D0F17244B5CA900F5920F /* Frameworks */ = {
			isa = PBXFrameworksBuildPhase;
			buildActionMask = 2147483647;
			files = (
			);
			runOnlyForDeploymentPostprocessing = 0;
		};
/* End PBXFrameworksBuildPhase section */

/* Begin PBXGroup section */
		334D0F11244B5CA900F5920F = {
			isa = PBXGroup;
			children = (
				334D0F1C244B5CA900F5920F /* login_26th */,
				334D0F1B244B5CA900F5920F /* Products */,
			);
			sourceTree = "<group>";
		};
		334D0F1B244B5CA900F5920F /* Products */ = {
			isa = PBXGroup;
			children = (
				334D0F1A244B5CA900F5920F /* login_26th.app */,
			);
			name = Products;
			sourceTree = "<group>";
		};
		334D0F1C244B5CA900F5920F /* login_26th */ = {
			isa = PBXGroup;
			children = (
				334D0F33244B5D0D00F5920F /* sopt_logo.png */,
				334D0F1D244B5CA900F5920F /* AppDelegate.swift */,
				334D0F1F244B5CA900F5920F /* SceneDelegate.swift */,
				334D0F21244B5CA900F5920F /* ViewController.swift */,
				334D0F23244B5CA900F5920F /* Main.storyboard */,
				334D0F26244B5CAC00F5920F /* Assets.xcassets */,
				334D0F28244B5CAC00F5920F /* LaunchScreen.storyboard */,
				334D0F2B244B5CAC00F5920F /* Info.plist */,
				334D0F35244B5F5F00F5920F /* JoinViewController.swift */,
				334D0F37244B5F6C00F5920F /* LoginViewController.swift */,
				334D0F39244B6D0700F5920F /* mainViewController.swift */,
			);
			path = login_26th;
			sourceTree = "<group>";
		};
/* End PBXGroup section */

/* Begin PBXNativeTarget section */
		334D0F19244B5CA900F5920F /* login_26th */ = {
			isa = PBXNativeTarget;
			buildConfigurationList = 334D0F2E244B5CAC00F5920F /* Build configuration list for PBXNativeTarget "login_26th" */;
			buildPhases = (
				334D0F16244B5CA900F5920F /* Sources */,
				334D0F17244B5CA900F5920F /* Frameworks */,
				334D0F18244B5CA900F5920F /* Resources */,
			);
			buildRules = (
			);
			dependencies = (
			);
			name = login_26th;
			productName = login_26th;
			productReference = 334D0F1A244B5CA900F5920F /* login_26th.app */;
			productType = "com.apple.product-type.application";
		};
/* End PBXNativeTarget section */

/* Begin PBXProject section */
		334D0F12244B5CA900F5920F /* Project object */ = {
			isa = PBXProject;
			attributes = {
				LastSwiftUpdateCheck = 1130;
				LastUpgradeCheck = 1130;
				ORGANIZATIONNAME = "황지은";
				TargetAttributes = {
					334D0F19244B5CA900F5920F = {
						CreatedOnToolsVersion = 11.3.1;
					};
				};
			};
			buildConfigurationList = 334D0F15244B5CA900F5920F /* Build configuration list for PBXProject "login_26th" */;
			compatibilityVersion = "Xcode 9.3";
			developmentRegion = en;
			hasScannedForEncodings = 0;
			knownRegions = (
				en,
				Base,
			);
			mainGroup = 334D0F11244B5CA900F5920F;
			productRefGroup = 334D0F1B244B5CA900F5920F /* Products */;
			projectDirPath = "";
			projectRoot = "";
			targets = (
				334D0F19244B5CA900F5920F /* login_26th */,
			);
		};
/* End PBXProject section */

/* Begin PBXResourcesBuildPhase section */
		334D0F18244B5CA900F5920F /* Resources */ = {
			isa = PBXResourcesBuildPhase;
			buildActionMask = 2147483647;
			files = (
				334D0F2A244B5CAC00F5920F /* LaunchScreen.storyboard in Resources */,
				334D0F34244B5D0D00F5920F /* sopt_logo.png in Resources */,
				334D0F27244B5CAC00F5920F /* Assets.xcassets in Resources */,
				334D0F25244B5CA900F5920F /* Main.storyboard in Resources */,
			);
			runOnlyForDeploymentPostprocessing = 0;
		};
/* End PBXResourcesBuildPhase section */

/* Begin PBXSourcesBuildPhase section */
		334D0F16244B5CA900F5920F /* Sources */ = {
			isa = PBXSourcesBuildPhase;
			buildActionMask = 2147483647;
			files = (
				334D0F22244B5CA900F5920F /* ViewController.swift in Sources */,
				334D0F1E244B5CA900F5920F /* AppDelegate.swift in Sources */,
				334D0F36244B5F5F00F5920F /* JoinViewController.swift in Sources */,
				334D0F38244B5F6C00F5920F /* LoginViewController.swift in Sources */,
				334D0F20244B5CA900F5920F /* SceneDelegate.swift in Sources */,
				334D0F3A244B6D0700F5920F /* mainViewController.swift in Sources */,
			);
			runOnlyForDeploymentPostprocessing = 0;
		};
/* End PBXSourcesBuildPhase section */

/* Begin PBXVariantGroup section */
		334D0F23244B5CA900F5920F /* Main.storyboard */ = {
			isa = PBXVariantGroup;
			children = (
				334D0F24244B5CA900F5920F /* Base */,
			);
			name = Main.storyboard;
			sourceTree = "<group>";
		};
		334D0F28244B5CAC00F5920F /* LaunchScreen.storyboard */ = {
			isa = PBXVariantGroup;
			children = (
				334D0F29244B5CAC00F5920F /* Base */,
			);
			name = LaunchScreen.storyboard;
			sourceTree = "<group>";
		};
/* End PBXVariantGroup section */

/* Begin XCBuildConfiguration section */
		334D0F2C244B5CAC00F5920F /* Debug */ = {
			isa = XCBuildConfiguration;
			buildSettings = {
				ALWAYS_SEARCH_USER_PATHS = NO;
				CLANG_ANALYZER_NONNULL = YES;
				CLANG_ANALYZER_NUMBER_OBJECT_CONVERSION = YES_AGGRESSIVE;
				CLANG_CXX_LANGUAGE_STANDARD = "gnu++14";
				CLANG_CXX_LIBRARY = "libc++";
				CLANG_ENABLE_MODULES = YES;
				CLANG_ENABLE_OBJC_ARC = YES;
				CLANG_ENABLE_OBJC_WEAK = YES;
				CLANG_WARN_BLOCK_CAPTURE_AUTORELEASING = YES;
				CLANG_WARN_BOOL_CONVERSION = YES;
				CLANG_WARN_COMMA = YES;
				CLANG_WARN_CONSTANT_CONVERSION = YES;
				CLANG_WARN_DEPRECATED_OBJC_IMPLEMENTATIONS = YES;
				CLANG_WARN_DIRECT_OBJC_ISA_USAGE = YES_ERROR;
				CLANG_WARN_DOCUMENTATION_COMMENTS = YES;
				CLANG_WARN_EMPTY_BODY = YES;
				CLANG_WARN_ENUM_CONVERSION = YES;
				CLANG_WARN_INFINITE_RECURSION = YES;
				CLANG_WARN_INT_CONVERSION = YES;
				CLANG_WARN_NON_LITERAL_NULL_CONVERSION = YES;
				CLANG_WARN_OBJC_IMPLICIT_RETAIN_SELF = YES;
				CLANG_WARN_OBJC_LITERAL_CONVERSION = YES;
				CLANG_WARN_OBJC_ROOT_CLASS = YES_ERROR;
				CLANG_WARN_RANGE_LOOP_ANALYSIS = YES;
				CLANG_WARN_STRICT_PROTOTYPES = YES;
				CLANG_WARN_SUSPICIOUS_MOVE = YES;
				CLANG_WARN_UNGUARDED_AVAILABILITY = YES_AGGRESSIVE;
				CLANG_WARN_UNREACHABLE_CODE = YES;
				CLANG_WARN__DUPLICATE_METHOD_MATCH = YES;
				COPY_PHASE_STRIP = NO;
				DEBUG_INFORMATION_FORMAT = dwarf;
				ENABLE_STRICT_OBJC_MSGSEND = YES;
				ENABLE_TESTABILITY = YES;
				GCC_C_LANGUAGE_STANDARD = gnu11;
				GCC_DYNAMIC_NO_PIC = NO;
				GCC_NO_COMMON_BLOCKS = YES;
				GCC_OPTIMIZATION_LEVEL = 0;
				GCC_PREPROCESSOR_DEFINITIONS = (
					"DEBUG=1",
					"$(inherited)",
				);
				GCC_WARN_64_TO_32_BIT_CONVERSION = YES;
				GCC_WARN_ABOUT_RETURN_TYPE = YES_ERROR;
				GCC_WARN_UNDECLARED_SELECTOR = YES;
				GCC_WARN_UNINITIALIZED_AUTOS = YES_AGGRESSIVE;
				GCC_WARN_UNUSED_FUNCTION = YES;
				GCC_WARN_UNUSED_VARIABLE = YES;
				IPHONEOS_DEPLOYMENT_TARGET = 13.2;
				MTL_ENABLE_DEBUG_INFO = INCLUDE_SOURCE;
				MTL_FAST_MATH = YES;
				ONLY_ACTIVE_ARCH = YES;
				SDKROOT = iphoneos;
				SWIFT_ACTIVE_COMPILATION_CONDITIONS = DEBUG;
				SWIFT_OPTIMIZATION_LEVEL = "-Onone";
			};
			name = Debug;
		};
		334D0F2D244B5CAC00F5920F /* Release */ = {
			isa = XCBuildConfiguration;
			buildSettings = {
				ALWAYS_SEARCH_USER_PATHS = NO;
				CLANG_ANALYZER_NONNULL = YES;
				CLANG_ANALYZER_NUMBER_OBJECT_CONVERSION = YES_AGGRESSIVE;
				CLANG_CXX_LANGUAGE_STANDARD = "gnu++14";
				CLANG_CXX_LIBRARY = "libc++";
				CLANG_ENABLE_MODULES = YES;
				CLANG_ENABLE_OBJC_ARC = YES;
				CLANG_ENABLE_OBJC_WEAK = YES;
				CLANG_WARN_BLOCK_CAPTURE_AUTORELEASING = YES;
				CLANG_WARN_BOOL_CONVERSION = YES;
				CLANG_WARN_COMMA = YES;
				CLANG_WARN_CONSTANT_CONVERSION = YES;
				CLANG_WARN_DEPRECATED_OBJC_IMPLEMENTATIONS = YES;
				CLANG_WARN_DIRECT_OBJC_ISA_USAGE = YES_ERROR;
				CLANG_WARN_DOCUMENTATION_COMMENTS = YES;
				CLANG_WARN_EMPTY_BODY = YES;
				CLANG_WARN_ENUM_CONVERSION = YES;
				CLANG_WARN_INFINITE_RECURSION = YES;
				CLANG_WARN_INT_CONVERSION = YES;
				CLANG_WARN_NON_LITERAL_NULL_CONVERSION = YES;
				CLANG_WARN_OBJC_IMPLICIT_RETAIN_SELF = YES;
				CLANG_WARN_OBJC_LITERAL_CONVERSION = YES;
				CLANG_WARN_OBJC_ROOT_CLASS = YES_ERROR;
				CLANG_WARN_RANGE_LOOP_ANALYSIS = YES;
				CLANG_WARN_STRICT_PROTOTYPES = YES;
				CLANG_WARN_SUSPICIOUS_MOVE = YES;
				CLANG_WARN_UNGUARDED_AVAILABILITY = YES_AGGRESSIVE;
				CLANG_WARN_UNREACHABLE_CODE = YES;
				CLANG_WARN__DUPLICATE_METHOD_MATCH = YES;
				COPY_PHASE_STRIP = NO;
				DEBUG_INFORMATION_FORMAT = "dwarf-with-dsym";
				ENABLE_NS_ASSERTIONS = NO;
				ENABLE_STRICT_OBJC_MSGSEND = YES;
				GCC_C_LANGUAGE_STANDARD = gnu11;
				GCC_NO_COMMON_BLOCKS = YES;
				GCC_WARN_64_TO_32_BIT_CONVERSION = YES;
				GCC_WARN_ABOUT_RETURN_TYPE = YES_ERROR;
				GCC_WARN_UNDECLARED_SELECTOR = YES;
				GCC_WARN_UNINITIALIZED_AUTOS = YES_AGGRESSIVE;
				GCC_WARN_UNUSED_FUNCTION = YES;
				GCC_WARN_UNUSED_VARIABLE = YES;
				IPHONEOS_DEPLOYMENT_TARGET = 13.2;
				MTL_ENABLE_DEBUG_INFO = NO;
				MTL_FAST_MATH = YES;
				SDKROOT = iphoneos;
				SWIFT_COMPILATION_MODE = wholemodule;
				SWIFT_OPTIMIZATION_LEVEL = "-O";
				VALIDATE_PRODUCT = YES;
			};
			name = Release;
		};
		334D0F2F244B5CAC00F5920F /* Debug */ = {
			isa = XCBuildConfiguration;
			buildSettings = {
				ASSETCATALOG_COMPILER_APPICON_NAME = AppIcon;
				CODE_SIGN_STYLE = Automatic;
				INFOPLIST_FILE = login_26th/Info.plist;
				LD_RUNPATH_SEARCH_PATHS = (
					"$(inherited)",
					"@executable_path/Frameworks",
				);
				PRODUCT_BUNDLE_IDENTIFIER = "sopt.iOS.hwangji.login-26th";
				PRODUCT_NAME = "$(TARGET_NAME)";
				SWIFT_VERSION = 5.0;
				TARGETED_DEVICE_FAMILY = "1,2";
			};
			name = Debug;
		};
		334D0F30244B5CAC00F5920F /* Release */ = {
			isa = XCBuildConfiguration;
			buildSettings = {
				ASSETCATALOG_COMPILER_APPICON_NAME = AppIcon;
				CODE_SIGN_STYLE = Automatic;
				INFOPLIST_FILE = login_26th/Info.plist;
				LD_RUNPATH_SEARCH_PATHS = (
					"$(inherited)",
					"@executable_path/Frameworks",
				);
				PRODUCT_BUNDLE_IDENTIFIER = "sopt.iOS.hwangji.login-26th";
				PRODUCT_NAME = "$(TARGET_NAME)";
				SWIFT_VERSION = 5.0;
				TARGETED_DEVICE_FAMILY = "1,2";
			};
			name = Release;
		};
/* End XCBuildConfiguration section */

/* Begin XCConfigurationList section */
		334D0F15244B5CA900F5920F /* Build configuration list for PBXProject "login_26th" */ = {
			isa = XCConfigurationList;
			buildConfigurations = (
				334D0F2C244B5CAC00F5920F /* Debug */,
				334D0F2D244B5CAC00F5920F /* Release */,
			);
			defaultConfigurationIsVisible = 0;
			defaultConfigurationName = Release;
		};
		334D0F2E244B5CAC00F5920F /* Build configuration list for PBXNativeTarget "login_26th" */ = {
			isa = XCConfigurationList;
			buildConfigurations = (
				334D0F2F244B5CAC00F5920F /* Debug */,
				334D0F30244B5CAC00F5920F /* Release */,
			);
			defaultConfigurationIsVisible = 0;
			defaultConfigurationName = Release;
		};
/* End XCConfigurationList section */
	};
	rootObject = 334D0F12244B5CA900F5920F /* Project object */;
}
