PODS:
  - Alamofire (4.8.2)
  - Kingfisher (5.13.2):
    - Kingfisher/Core (= 5.13.2)
  - Kingfisher/Core (5.13.2)

DEPENDENCIES:
  - Alamofire (~> 4.8.2)
  - Kingfisher (~> 5.0)

SPEC REPOS:
  trunk:
    - Alamofire
    - Kingfisher

SPEC CHECKSUMS:
  Alamofire: ae5c501addb7afdbb13687d7f2f722c78734c2d3
  Kingfisher: d342c8354c10c3d85a27d6d4c42c41285924b898

PODFILE CHECKSUM: 9ffa0d6f112fdf8f4f19c8e1e6e3112c60928cb4

COCOAPODS: 1.9.1
